<?xml version="1.0" encoding="utf-8"?>
<Project ToolsVersion="14.0" xmlns="http://schemas.microsoft.com/developer/msbuild/2003">
  <ItemGroup>
    <ClCompile Include="C:\Users\scott\Documents\GitHub\fltk_nuget\fltk-src-32-VS2015\jpeg\jmemnobs.c">
      <Filter>Source Files</Filter>
    </ClCompile>
    <ClCompile Include="C:\Users\scott\Documents\GitHub\fltk_nuget\fltk-src-32-VS2015\jpeg\jaricom.c">
      <Filter>Source Files</Filter>
    </ClCompile>
    <ClCompile Include="C:\Users\scott\Documents\GitHub\fltk_nuget\fltk-src-32-VS2015\jpeg\jcomapi.c">
      <Filter>Source Files</Filter>
    </ClCompile>
    <ClCompile Include="C:\Users\scott\Documents\GitHub\fltk_nuget\fltk-src-32-VS2015\jpeg\jutils.c">
      <Filter>Source Files</Filter>
    </ClCompile>
    <ClCompile Include="C:\Users\scott\Documents\GitHub\fltk_nuget\fltk-src-32-VS2015\jpeg\jerror.c">
      <Filter>Source Files</Filter>
    </ClCompile>
    <ClCompile Include="C:\Users\scott\Documents\GitHub\fltk_nuget\fltk-src-32-VS2015\jpeg\jmemmgr.c">
      <Filter>Source Files</Filter>
    </ClCompile>
    <ClCompile Include="C:\Users\scott\Documents\GitHub\fltk_nuget\fltk-src-32-VS2015\jpeg\jcapimin.c">
      <Filter>Source Files</Filter>
    </ClCompile>
    <ClCompile Include="C:\Users\scott\Documents\GitHub\fltk_nuget\fltk-src-32-VS2015\jpeg\jcapistd.c">
      <Filter>Source Files</Filter>
    </ClCompile>
    <ClCompile Include="C:\Users\scott\Documents\GitHub\fltk_nuget\fltk-src-32-VS2015\jpeg\jcarith.c">
      <Filter>Source Files</Filter>
    </ClCompile>
    <ClCompile Include="C:\Users\scott\Documents\GitHub\fltk_nuget\fltk-src-32-VS2015\jpeg\jctrans.c">
      <Filter>Source Files</Filter>
    </ClCompile>
    <ClCompile Include="C:\Users\scott\Documents\GitHub\fltk_nuget\fltk-src-32-VS2015\jpeg\jcparam.c">
      <Filter>Source Files</Filter>
    </ClCompile>
    <ClCompile Include="C:\Users\scott\Documents\GitHub\fltk_nuget\fltk-src-32-VS2015\jpeg\jdatadst.c">
      <Filter>Source Files</Filter>
    </ClCompile>
    <ClCompile Include="C:\Users\scott\Documents\GitHub\fltk_nuget\fltk-src-32-VS2015\jpeg\jcinit.c">
      <Filter>Source Files</Filter>
    </ClCompile>
    <ClCompile Include="C:\Users\scott\Documents\GitHub\fltk_nuget\fltk-src-32-VS2015\jpeg\jcmaster.c">
      <Filter>Source Files</Filter>
    </ClCompile>
    <ClCompile Include="C:\Users\scott\Documents\GitHub\fltk_nuget\fltk-src-32-VS2015\jpeg\jcmarker.c">
      <Filter>Source Files</Filter>
    </ClCompile>
    <ClCompile Include="C:\Users\scott\Documents\GitHub\fltk_nuget\fltk-src-32-VS2015\jpeg\jcmainct.c">
      <Filter>Source Files</Filter>
    </ClCompile>
    <ClCompile Include="C:\Users\scott\Documents\GitHub\fltk_nuget\fltk-src-32-VS2015\jpeg\jcprepct.c">
      <Filter>Source Files</Filter>
    </ClCompile>
    <ClCompile Include="C:\Users\scott\Documents\GitHub\fltk_nuget\fltk-src-32-VS2015\jpeg\jccoefct.c">
      <Filter>Source Files</Filter>
    </ClCompile>
    <ClCompile Include="C:\Users\scott\Documents\GitHub\fltk_nuget\fltk-src-32-VS2015\jpeg\jccolor.c">
      <Filter>Source Files</Filter>
    </ClCompile>
    <ClCompile Include="C:\Users\scott\Documents\GitHub\fltk_nuget\fltk-src-32-VS2015\jpeg\jcsample.c">
      <Filter>Source Files</Filter>
    </ClCompile>
    <ClCompile Include="C:\Users\scott\Documents\GitHub\fltk_nuget\fltk-src-32-VS2015\jpeg\jchuff.c">
      <Filter>Source Files</Filter>
    </ClCompile>
    <ClCompile Include="C:\Users\scott\Documents\GitHub\fltk_nuget\fltk-src-32-VS2015\jpeg\jcdctmgr.c">
      <Filter>Source Files</Filter>
    </ClCompile>
    <ClCompile Include="C:\Users\scott\Documents\GitHub\fltk_nuget\fltk-src-32-VS2015\jpeg\jfdctfst.c">
      <Filter>Source Files</Filter>
    </ClCompile>
    <ClCompile Include="C:\Users\scott\Documents\GitHub\fltk_nuget\fltk-src-32-VS2015\jpeg\jfdctflt.c">
      <Filter>Source Files</Filter>
    </ClCompile>
    <ClCompile Include="C:\Users\scott\Documents\GitHub\fltk_nuget\fltk-src-32-VS2015\jpeg\jfdctint.c">
      <Filter>Source Files</Filter>
    </ClCompile>
    <ClCompile Include="C:\Users\scott\Documents\GitHub\fltk_nuget\fltk-src-32-VS2015\jpeg\jdapimin.c">
      <Filter>Source Files</Filter>
    </ClCompile>
    <ClCompile Include="C:\Users\scott\Documents\GitHub\fltk_nuget\fltk-src-32-VS2015\jpeg\jdapistd.c">
      <Filter>Source Files</Filter>
    </ClCompile>
    <ClCompile Include="C:\Users\scott\Documents\GitHub\fltk_nuget\fltk-src-32-VS2015\jpeg\jdarith.c">
      <Filter>Source Files</Filter>
    </ClCompile>
    <ClCompile Include="C:\Users\scott\Documents\GitHub\fltk_nuget\fltk-src-32-VS2015\jpeg\jdtrans.c">
      <Filter>Source Files</Filter>
    </ClCompile>
    <ClCompile Include="C:\Users\scott\Documents\GitHub\fltk_nuget\fltk-src-32-VS2015\jpeg\jdatasrc.c">
      <Filter>Source Files</Filter>
    </ClCompile>
    <ClCompile Include="C:\Users\scott\Documents\GitHub\fltk_nuget\fltk-src-32-VS2015\jpeg\jdmaster.c">
      <Filter>Source Files</Filter>
    </ClCompile>
    <ClCompile Include="C:\Users\scott\Documents\GitHub\fltk_nuget\fltk-src-32-VS2015\jpeg\jdinput.c">
      <Filter>Source Files</Filter>
    </ClCompile>
    <ClCompile Include="C:\Users\scott\Documents\GitHub\fltk_nuget\fltk-src-32-VS2015\jpeg\jdmarker.c">
      <Filter>Source Files</Filter>
    </ClCompile>
    <ClCompile Include="C:\Users\scott\Documents\GitHub\fltk_nuget\fltk-src-32-VS2015\jpeg\jdhuff.c">
      <Filter>Source Files</Filter>
    </ClCompile>
    <ClCompile Include="C:\Users\scott\Documents\GitHub\fltk_nuget\fltk-src-32-VS2015\jpeg\jdmainct.c">
      <Filter>Source Files</Filter>
    </ClCompile>
    <ClCompile Include="C:\Users\scott\Documents\GitHub\fltk_nuget\fltk-src-32-VS2015\jpeg\jdcoefct.c">
      <Filter>Source Files</Filter>
    </ClCompile>
    <ClCompile Include="C:\Users\scott\Documents\GitHub\fltk_nuget\fltk-src-32-VS2015\jpeg\jdpostct.c">
      <Filter>Source Files</Filter>
    </ClCompile>
    <ClCompile Include="C:\Users\scott\Documents\GitHub\fltk_nuget\fltk-src-32-VS2015\jpeg\jddctmgr.c">
      <Filter>Source Files</Filter>
    </ClCompile>
    <ClCompile Include="C:\Users\scott\Documents\GitHub\fltk_nuget\fltk-src-32-VS2015\jpeg\jidctfst.c">
      <Filter>Source Files</Filter>
    </ClCompile>
    <ClCompile Include="C:\Users\scott\Documents\GitHub\fltk_nuget\fltk-src-32-VS2015\jpeg\jidctflt.c">
      <Filter>Source Files</Filter>
    </ClCompile>
    <ClCompile Include="C:\Users\scott\Documents\GitHub\fltk_nuget\fltk-src-32-VS2015\jpeg\jidctint.c">
      <Filter>Source Files</Filter>
    </ClCompile>
    <ClCompile Include="C:\Users\scott\Documents\GitHub\fltk_nuget\fltk-src-32-VS2015\jpeg\jdsample.c">
      <Filter>Source Files</Filter>
    </ClCompile>
    <ClCompile Include="C:\Users\scott\Documents\GitHub\fltk_nuget\fltk-src-32-VS2015\jpeg\jdcolor.c">
      <Filter>Source Files</Filter>
    </ClCompile>
    <ClCompile Include="C:\Users\scott\Documents\GitHub\fltk_nuget\fltk-src-32-VS2015\jpeg\jquant1.c">
      <Filter>Source Files</Filter>
    </ClCompile>
    <ClCompile Include="C:\Users\scott\Documents\GitHub\fltk_nuget\fltk-src-32-VS2015\jpeg\jquant2.c">
      <Filter>Source Files</Filter>
    </ClCompile>
    <ClCompile Include="C:\Users\scott\Documents\GitHub\fltk_nuget\fltk-src-32-VS2015\jpeg\jdmerge.c">
      <Filter>Source Files</Filter>
    </ClCompile>
  </ItemGroup>
  <ItemGroup>
    <Filter Include="Source Files">
      <UniqueIdentifier>{C2785A34-DE94-3935-A162-641B02DD570B}</UniqueIdentifier>
    </Filter>
  </ItemGroup>
</Project>