<?xml version="1.0" encoding="utf-8"?>
<Project ToolsVersion="14.0" xmlns="http://schemas.microsoft.com/developer/msbuild/2003">
  <ItemGroup>
    <ClCompile Include="C:\Users\scott\Documents\GitHub\fltk_nuget\fltk-src-32-VS2015\src\fl_images_core.cxx">
      <Filter>Source Files</Filter>
    </ClCompile>
    <ClCompile Include="C:\Users\scott\Documents\GitHub\fltk_nuget\fltk-src-32-VS2015\src\Fl_BMP_Image.cxx">
      <Filter>Source Files</Filter>
    </ClCompile>
    <ClCompile Include="C:\Users\scott\Documents\GitHub\fltk_nuget\fltk-src-32-VS2015\src\Fl_File_Icon2.cxx">
      <Filter>Source Files</Filter>
    </ClCompile>
    <ClCompile Include="C:\Users\scott\Documents\GitHub\fltk_nuget\fltk-src-32-VS2015\src\Fl_GIF_Image.cxx">
      <Filter>Source Files</Filter>
    </ClCompile>
    <ClCompile Include="C:\Users\scott\Documents\GitHub\fltk_nuget\fltk-src-32-VS2015\src\Fl_Help_Dialog.cxx">
      <Filter>Source Files</Filter>
    </ClCompile>
    <ClCompile Include="C:\Users\scott\Documents\GitHub\fltk_nuget\fltk-src-32-VS2015\src\Fl_JPEG_Image.cxx">
      <Filter>Source Files</Filter>
    </ClCompile>
    <ClCompile Include="C:\Users\scott\Documents\GitHub\fltk_nuget\fltk-src-32-VS2015\src\Fl_PNG_Image.cxx">
      <Filter>Source Files</Filter>
    </ClCompile>
    <ClCompile Include="C:\Users\scott\Documents\GitHub\fltk_nuget\fltk-src-32-VS2015\src\Fl_PNM_Image.cxx">
      <Filter>Source Files</Filter>
    </ClCompile>
  </ItemGroup>
  <ItemGroup>
    <Filter Include="Source Files">
      <UniqueIdentifier>{C2785A34-DE94-3935-A162-641B02DD570B}</UniqueIdentifier>
    </Filter>
  </ItemGroup>
</Project>