<?xml version="1.0" encoding="utf-8"?>
<Project ToolsVersion="14.0" xmlns="http://schemas.microsoft.com/developer/msbuild/2003">
  <ItemGroup>
    <ClCompile Include="C:\Users\scott\Documents\GitHub\fltk_nuget\fltk-src-32-VS2015\zlib\adler32.c">
      <Filter>Source Files</Filter>
    </ClCompile>
    <ClCompile Include="C:\Users\scott\Documents\GitHub\fltk_nuget\fltk-src-32-VS2015\zlib\compress.c">
      <Filter>Source Files</Filter>
    </ClCompile>
    <ClCompile Include="C:\Users\scott\Documents\GitHub\fltk_nuget\fltk-src-32-VS2015\zlib\crc32.c">
      <Filter>Source Files</Filter>
    </ClCompile>
    <ClCompile Include="C:\Users\scott\Documents\GitHub\fltk_nuget\fltk-src-32-VS2015\zlib\deflate.c">
      <Filter>Source Files</Filter>
    </ClCompile>
    <ClCompile Include="C:\Users\scott\Documents\GitHub\fltk_nuget\fltk-src-32-VS2015\zlib\gzclose.c">
      <Filter>Source Files</Filter>
    </ClCompile>
    <ClCompile Include="C:\Users\scott\Documents\GitHub\fltk_nuget\fltk-src-32-VS2015\zlib\gzlib.c">
      <Filter>Source Files</Filter>
    </ClCompile>
    <ClCompile Include="C:\Users\scott\Documents\GitHub\fltk_nuget\fltk-src-32-VS2015\zlib\gzread.c">
      <Filter>Source Files</Filter>
    </ClCompile>
    <ClCompile Include="C:\Users\scott\Documents\GitHub\fltk_nuget\fltk-src-32-VS2015\zlib\gzwrite.c">
      <Filter>Source Files</Filter>
    </ClCompile>
    <ClCompile Include="C:\Users\scott\Documents\GitHub\fltk_nuget\fltk-src-32-VS2015\zlib\inffast.c">
      <Filter>Source Files</Filter>
    </ClCompile>
    <ClCompile Include="C:\Users\scott\Documents\GitHub\fltk_nuget\fltk-src-32-VS2015\zlib\infback.c">
      <Filter>Source Files</Filter>
    </ClCompile>
    <ClCompile Include="C:\Users\scott\Documents\GitHub\fltk_nuget\fltk-src-32-VS2015\zlib\inflate.c">
      <Filter>Source Files</Filter>
    </ClCompile>
    <ClCompile Include="C:\Users\scott\Documents\GitHub\fltk_nuget\fltk-src-32-VS2015\zlib\inftrees.c">
      <Filter>Source Files</Filter>
    </ClCompile>
    <ClCompile Include="C:\Users\scott\Documents\GitHub\fltk_nuget\fltk-src-32-VS2015\zlib\trees.c">
      <Filter>Source Files</Filter>
    </ClCompile>
    <ClCompile Include="C:\Users\scott\Documents\GitHub\fltk_nuget\fltk-src-32-VS2015\zlib\uncompr.c">
      <Filter>Source Files</Filter>
    </ClCompile>
    <ClCompile Include="C:\Users\scott\Documents\GitHub\fltk_nuget\fltk-src-32-VS2015\zlib\zutil.c">
      <Filter>Source Files</Filter>
    </ClCompile>
  </ItemGroup>
  <ItemGroup>
    <Filter Include="Source Files">
      <UniqueIdentifier>{C2785A34-DE94-3935-A162-641B02DD570B}</UniqueIdentifier>
    </Filter>
  </ItemGroup>
</Project>